
Microsoft Visual Studio Solution File, Format Version 12.00
# Visual Studio Version 17
VisualStudioVersion = 17.0.32014.148
MinimumVisualStudioVersion = 10.0.40219.1
Project("{FAE04EC0-301F-11D3-BF4B-00C04F79EFBC}") = "CabInvoiceGeneratorProgram", "CabInvoiceGeneratorProgram\CabInvoiceGeneratorProgram.csproj", "{190E639A-552F-4099-801C-8C2009083BC4}"
EndProject
Project("{FAE04EC0-301F-11D3-BF4B-00C04F79EFBC}") = "CabInvoiceGeneratorTesting", "CabInvoiceGeneratorTesting\CabInvoiceGeneratorTesting.csproj", "{2D9DD447-7F6C-4DD9-8E69-EFAB7DBC356E}"
EndProject
Global
	GlobalSection(SolutionConfigurationPlatforms) = preSolution
		Debug|Any CPU = Debug|Any CPU
		Release|Any CPU = Release|Any CPU
	EndGlobalSection
	GlobalSection(ProjectConfigurationPlatforms) = postSolution
		{190E639A-552F-4099-801C-8C2009083BC4}.Debug|Any CPU.ActiveCfg = Debug|Any CPU
		{190E639A-552F-4099-801C-8C2009083BC4}.Debug|Any CPU.Build.0 = Debug|Any CPU
		{190E639A-552F-4099-801C-8C2009083BC4}.Release|Any CPU.ActiveCfg = Release|Any CPU
		{190E639A-552F-4099-801C-8C2009083BC4}.Release|Any CPU.Build.0 = Release|Any CPU
		{2D9DD447-7F6C-4DD9-8E69-EFAB7DBC356E}.Debug|Any CPU.ActiveCfg = Debug|Any CPU
		{2D9DD447-7F6C-4DD9-8E69-EFAB7DBC356E}.Debug|Any CPU.Build.0 = Debug|Any CPU
		{2D9DD447-7F6C-4DD9-8E69-EFAB7DBC356E}.Release|Any CPU.ActiveCfg = Release|Any CPU
		{2D9DD447-7F6C-4DD9-8E69-EFAB7DBC356E}.Release|Any CPU.Build.0 = Release|Any CPU
	EndGlobalSection
	GlobalSection(SolutionProperties) = preSolution
		HideSolutionNode = FALSE
	EndGlobalSection
	GlobalSection(ExtensibilityGlobals) = postSolution
		SolutionGuid = {AD9E1A89-9285-42D0-A059-40D8999B345B}
	EndGlobalSection
EndGlobal
